// !$*UTF8*$!
{
	archiveVersion = 1;
	classes = {
	};
	objectVersion = 56;
	objects = {

/* Begin PBXBuildFile section */
		3F149B492AC52AED000717DD /* Day8_CalculatorApp.swift in Sources */ = {isa = PBXBuildFile; fileRef = 3F149B482AC52AED000717DD /* Day8_CalculatorApp.swift */; };
		3F149B4D2AC52AEE000717DD /* Assets.xcassets in Resources */ = {isa = PBXBuildFile; fileRef = 3F149B4C2AC52AEE000717DD /* Assets.xcassets */; };
		3F149B502AC52AEE000717DD /* Preview Assets.xcassets in Resources */ = {isa = PBXBuildFile; fileRef = 3F149B4F2AC52AEE000717DD /* Preview Assets.xcassets */; };
		3F149B5A2AC52AEE000717DD /* Day8_CalculatorTests.swift in Sources */ = {isa = PBXBuildFile; fileRef = 3F149B592AC52AEE000717DD /* Day8_CalculatorTests.swift */; };
		3F149B642AC52AEE000717DD /* Day8_CalculatorUITests.swift in Sources */ = {isa = PBXBuildFile; fileRef = 3F149B632AC52AEE000717DD /* Day8_CalculatorUITests.swift */; };
		3F149B662AC52AEE000717DD /* Day8_CalculatorUITestsLaunchTests.swift in Sources */ = {isa = PBXBuildFile; fileRef = 3F149B652AC52AEE000717DD /* Day8_CalculatorUITestsLaunchTests.swift */; };
		3F149B772AC52B16000717DD /* CalculatorView.swift in Sources */ = {isa = PBXBuildFile; fileRef = 3F149B722AC52B16000717DD /* CalculatorView.swift */; };
		3F149B782AC52B16000717DD /* CalculatorButton.swift in Sources */ = {isa = PBXBuildFile; fileRef = 3F149B732AC52B16000717DD /* CalculatorButton.swift */; };
		3F149B792AC52B16000717DD /* CalculatorButtonType.swift in Sources */ = {isa = PBXBuildFile; fileRef = 3F149B742AC52B16000717DD /* CalculatorButtonType.swift */; };
		3F149B7A2AC52B16000717DD /* CalculatorEngine.swift in Sources */ = {isa = PBXBuildFile; fileRef = 3F149B752AC52B16000717DD /* CalculatorEngine.swift */; };
		3F149B7B2AC52B16000717DD /* SoundPlayer.swift in Sources */ = {isa = PBXBuildFile; fileRef = 3F149B762AC52B16000717DD /* SoundPlayer.swift */; };
		3F149B842AC5C724000717DD /* Click.mp3 in Resources */ = {isa = PBXBuildFile; fileRef = 3F149B832AC5C6FD000717DD /* Click.mp3 */; };
		3F149B872AC5C820000717DD /* CalculatorBrain.swift in Sources */ = {isa = PBXBuildFile; fileRef = 3F149B862AC5C820000717DD /* CalculatorBrain.swift */; };
		3F149B892AC5C889000717DD /* CalculatorButtonType+Color.swift in Sources */ = {isa = PBXBuildFile; fileRef = 3F149B882AC5C889000717DD /* CalculatorButtonType+Color.swift */; };
		FCFA45F12ACBC4920090B05A /* SystemFortForSize.swift in Sources */ = {isa = PBXBuildFile; fileRef = FCFA45F02ACBC4920090B05A /* SystemFortForSize.swift */; };
/* End PBXBuildFile section */

/* Begin PBXContainerItemProxy section */
		3F149B562AC52AEE000717DD /* PBXContainerItemProxy */ = {
			isa = PBXContainerItemProxy;
			containerPortal = 3F149B3D2AC52AED000717DD /* Project object */;
			proxyType = 1;
			remoteGlobalIDString = 3F149B442AC52AED000717DD;
			remoteInfo = "Day8 Calculator";
		};
		3F149B602AC52AEE000717DD /* PBXContainerItemProxy */ = {
			isa = PBXContainerItemProxy;
			containerPortal = 3F149B3D2AC52AED000717DD /* Project object */;
			proxyType = 1;
			remoteGlobalIDString = 3F149B442AC52AED000717DD;
			remoteInfo = "Day8 Calculator";
		};
/* End PBXContainerItemProxy section */

/* Begin PBXFileReference section */
		3F149B452AC52AED000717DD /* Day8 Calculator.app */ = {isa = PBXFileReference; explicitFileType = wrapper.application; includeInIndex = 0; path = "Day8 Calculator.app"; sourceTree = BUILT_PRODUCTS_DIR; };
		3F149B482AC52AED000717DD /* Day8_CalculatorApp.swift */ = {isa = PBXFileReference; lastKnownFileType = sourcecode.swift; path = Day8_CalculatorApp.swift; sourceTree = "<group>"; };
		3F149B4C2AC52AEE000717DD /* Assets.xcassets */ = {isa = PBXFileReference; lastKnownFileType = folder.assetcatalog; path = Assets.xcassets; sourceTree = "<group>"; };
		3F149B4F2AC52AEE000717DD /* Preview Assets.xcassets */ = {isa = PBXFileReference; lastKnownFileType = folder.assetcatalog; path = "Preview Assets.xcassets"; sourceTree = "<group>"; };
		3F149B552AC52AEE000717DD /* Day8 CalculatorTests.xctest */ = {isa = PBXFileReference; explicitFileType = wrapper.cfbundle; includeInIndex = 0; path = "Day8 CalculatorTests.xctest"; sourceTree = BUILT_PRODUCTS_DIR; };
		3F149B592AC52AEE000717DD /* Day8_CalculatorTests.swift */ = {isa = PBXFileReference; lastKnownFileType = sourcecode.swift; path = Day8_CalculatorTests.swift; sourceTree = "<group>"; };
		3F149B5F2AC52AEE000717DD /* Day8 CalculatorUITests.xctest */ = {isa = PBXFileReference; explicitFileType = wrapper.cfbundle; includeInIndex = 0; path = "Day8 CalculatorUITests.xctest"; sourceTree = BUILT_PRODUCTS_DIR; };
		3F149B632AC52AEE000717DD /* Day8_CalculatorUITests.swift */ = {isa = PBXFileReference; lastKnownFileType = sourcecode.swift; path = Day8_CalculatorUITests.swift; sourceTree = "<group>"; };
		3F149B652AC52AEE000717DD /* Day8_CalculatorUITestsLaunchTests.swift */ = {isa = PBXFileReference; lastKnownFileType = sourcecode.swift; path = Day8_CalculatorUITestsLaunchTests.swift; sourceTree = "<group>"; };
		3F149B722AC52B16000717DD /* CalculatorView.swift */ = {isa = PBXFileReference; fileEncoding = 4; lastKnownFileType = sourcecode.swift; path = CalculatorView.swift; sourceTree = "<group>"; };
		3F149B732AC52B16000717DD /* CalculatorButton.swift */ = {isa = PBXFileReference; fileEncoding = 4; lastKnownFileType = sourcecode.swift; path = CalculatorButton.swift; sourceTree = "<group>"; };
		3F149B742AC52B16000717DD /* CalculatorButtonType.swift */ = {isa = PBXFileReference; fileEncoding = 4; lastKnownFileType = sourcecode.swift; path = CalculatorButtonType.swift; sourceTree = "<group>"; };
		3F149B752AC52B16000717DD /* CalculatorEngine.swift */ = {isa = PBXFileReference; fileEncoding = 4; lastKnownFileType = sourcecode.swift; path = CalculatorEngine.swift; sourceTree = "<group>"; };
		3F149B762AC52B16000717DD /* SoundPlayer.swift */ = {isa = PBXFileReference; fileEncoding = 4; lastKnownFileType = sourcecode.swift; path = SoundPlayer.swift; sourceTree = "<group>"; };
		3F149B832AC5C6FD000717DD /* Click.mp3 */ = {isa = PBXFileReference; lastKnownFileType = audio.mp3; path = Click.mp3; sourceTree = "<group>"; };
		3F149B862AC5C820000717DD /* CalculatorBrain.swift */ = {isa = PBXFileReference; lastKnownFileType = sourcecode.swift; path = CalculatorBrain.swift; sourceTree = "<group>"; };
		3F149B882AC5C889000717DD /* CalculatorButtonType+Color.swift */ = {isa = PBXFileReference; lastKnownFileType = sourcecode.swift; path = "CalculatorButtonType+Color.swift"; sourceTree = "<group>"; };
		FCFA45F02ACBC4920090B05A /* SystemFortForSize.swift */ = {isa = PBXFileReference; lastKnownFileType = sourcecode.swift; path = SystemFortForSize.swift; sourceTree = "<group>"; };
/* End PBXFileReference section */

/* Begin PBXFrameworksBuildPhase section */
		3F149B422AC52AED000717DD /* Frameworks */ = {
			isa = PBXFrameworksBuildPhase;
			buildActionMask = 2147483647;
			files = (
			);
			runOnlyForDeploymentPostprocessing = 0;
		};
		3F149B522AC52AEE000717DD /* Frameworks */ = {
			isa = PBXFrameworksBuildPhase;
			buildActionMask = 2147483647;
			files = (
			);
			runOnlyForDeploymentPostprocessing = 0;
		};
		3F149B5C2AC52AEE000717DD /* Frameworks */ = {
			isa = PBXFrameworksBuildPhase;
			buildActionMask = 2147483647;
			files = (
			);
			runOnlyForDeploymentPostprocessing = 0;
		};
/* End PBXFrameworksBuildPhase section */

/* Begin PBXGroup section */
		3F149B3C2AC52AED000717DD = {
			isa = PBXGroup;
			children = (
				3F149B472AC52AED000717DD /* Day8 Calculator */,
				3F149B582AC52AEE000717DD /* Day8 CalculatorTests */,
				3F149B622AC52AEE000717DD /* Day8 CalculatorUITests */,
				3F149B462AC52AED000717DD /* Products */,
			);
			sourceTree = "<group>";
		};
		3F149B462AC52AED000717DD /* Products */ = {
			isa = PBXGroup;
			children = (
				3F149B452AC52AED000717DD /* Day8 Calculator.app */,
				3F149B552AC52AEE000717DD /* Day8 CalculatorTests.xctest */,
				3F149B5F2AC52AEE000717DD /* Day8 CalculatorUITests.xctest */,
			);
			name = Products;
			sourceTree = "<group>";
		};
		3F149B472AC52AED000717DD /* Day8 Calculator */ = {
			isa = PBXGroup;
			children = (
				3F149B7F2AC52B64000717DD /* Model */,
				3F149B7E2AC52B5F000717DD /* View */,
				3F149B7D2AC52B55000717DD /* ViewModel */,
				3F149B7C2AC52B4D000717DD /* Utility */,
				3F149B802AC52BB4000717DD /* Sounds */,
				3F149B4C2AC52AEE000717DD /* Assets.xcassets */,
				3F149B4E2AC52AEE000717DD /* Preview Content */,
			);
			path = "Day8 Calculator";
			sourceTree = "<group>";
		};
		3F149B4E2AC52AEE000717DD /* Preview Content */ = {
			isa = PBXGroup;
			children = (
				3F149B4F2AC52AEE000717DD /* Preview Assets.xcassets */,
			);
			path = "Preview Content";
			sourceTree = "<group>";
		};
		3F149B582AC52AEE000717DD /* Day8 CalculatorTests */ = {
			isa = PBXGroup;
			children = (
				3F149B592AC52AEE000717DD /* Day8_CalculatorTests.swift */,
			);
			path = "Day8 CalculatorTests";
			sourceTree = "<group>";
		};
		3F149B622AC52AEE000717DD /* Day8 CalculatorUITests */ = {
			isa = PBXGroup;
			children = (
				3F149B632AC52AEE000717DD /* Day8_CalculatorUITests.swift */,
				3F149B652AC52AEE000717DD /* Day8_CalculatorUITestsLaunchTests.swift */,
			);
			path = "Day8 CalculatorUITests";
			sourceTree = "<group>";
		};
		3F149B7C2AC52B4D000717DD /* Utility */ = {
			isa = PBXGroup;
			children = (
				3F149B762AC52B16000717DD /* SoundPlayer.swift */,
				3F149B882AC5C889000717DD /* CalculatorButtonType+Color.swift */,
				FCFA45F02ACBC4920090B05A /* SystemFortForSize.swift */,
			);
			name = Utility;
			sourceTree = "<group>";
		};
		3F149B7D2AC52B55000717DD /* ViewModel */ = {
			isa = PBXGroup;
			children = (
				3F149B752AC52B16000717DD /* CalculatorEngine.swift */,
			);
			name = ViewModel;
			sourceTree = "<group>";
		};
		3F149B7E2AC52B5F000717DD /* View */ = {
			isa = PBXGroup;
			children = (
				3F149B482AC52AED000717DD /* Day8_CalculatorApp.swift */,
				3F149B732AC52B16000717DD /* CalculatorButton.swift */,
				3F149B722AC52B16000717DD /* CalculatorView.swift */,
			);
			name = View;
			sourceTree = "<group>";
		};
		3F149B7F2AC52B64000717DD /* Model */ = {
			isa = PBXGroup;
			children = (
				3F149B742AC52B16000717DD /* CalculatorButtonType.swift */,
				3F149B862AC5C820000717DD /* CalculatorBrain.swift */,
			);
			name = Model;
			sourceTree = "<group>";
		};
		3F149B802AC52BB4000717DD /* Sounds */ = {
			isa = PBXGroup;
			children = (
				3F149B832AC5C6FD000717DD /* Click.mp3 */,
			);
			name = Sounds;
			sourceTree = "<group>";
		};
/* End PBXGroup section */

/* Begin PBXNativeTarget section */
		3F149B442AC52AED000717DD /* Day8 Calculator */ = {
			isa = PBXNativeTarget;
			buildConfigurationList = 3F149B692AC52AEE000717DD /* Build configuration list for PBXNativeTarget "Day8 Calculator" */;
			buildPhases = (
				3F149B412AC52AED000717DD /* Sources */,
				3F149B422AC52AED000717DD /* Frameworks */,
				3F149B432AC52AED000717DD /* Resources */,
			);
			buildRules = (
			);
			dependencies = (
			);
			name = "Day8 Calculator";
			productName = "Day8 Calculator";
			productReference = 3F149B452AC52AED000717DD /* Day8 Calculator.app */;
			productType = "com.apple.product-type.application";
		};
		3F149B542AC52AEE000717DD /* Day8 CalculatorTests */ = {
			isa = PBXNativeTarget;
			buildConfigurationList = 3F149B6C2AC52AEE000717DD /* Build configuration list for PBXNativeTarget "Day8 CalculatorTests" */;
			buildPhases = (
				3F149B512AC52AEE000717DD /* Sources */,
				3F149B522AC52AEE000717DD /* Frameworks */,
				3F149B532AC52AEE000717DD /* Resources */,
			);
			buildRules = (
			);
			dependencies = (
				3F149B572AC52AEE000717DD /* PBXTargetDependency */,
			);
			name = "Day8 CalculatorTests";
			productName = "Day8 CalculatorTests";
			productReference = 3F149B552AC52AEE000717DD /* Day8 CalculatorTests.xctest */;
			productType = "com.apple.product-type.bundle.unit-test";
		};
		3F149B5E2AC52AEE000717DD /* Day8 CalculatorUITests */ = {
			isa = PBXNativeTarget;
			buildConfigurationList = 3F149B6F2AC52AEE000717DD /* Build configuration list for PBXNativeTarget "Day8 CalculatorUITests" */;
			buildPhases = (
				3F149B5B2AC52AEE000717DD /* Sources */,
				3F149B5C2AC52AEE000717DD /* Frameworks */,
				3F149B5D2AC52AEE000717DD /* Resources */,
			);
			buildRules = (
			);
			dependencies = (
				3F149B612AC52AEE000717DD /* PBXTargetDependency */,
			);
			name = "Day8 CalculatorUITests";
			productName = "Day8 CalculatorUITests";
			productReference = 3F149B5F2AC52AEE000717DD /* Day8 CalculatorUITests.xctest */;
			productType = "com.apple.product-type.bundle.ui-testing";
		};
/* End PBXNativeTarget section */

/* Begin PBXProject section */
		3F149B3D2AC52AED000717DD /* Project object */ = {
			isa = PBXProject;
			attributes = {
				BuildIndependentTargetsInParallel = 1;
				LastSwiftUpdateCheck = 1500;
				LastUpgradeCheck = 1500;
				TargetAttributes = {
					3F149B442AC52AED000717DD = {
						CreatedOnToolsVersion = 15.0;
					};
					3F149B542AC52AEE000717DD = {
						CreatedOnToolsVersion = 15.0;
						TestTargetID = 3F149B442AC52AED000717DD;
					};
					3F149B5E2AC52AEE000717DD = {
						CreatedOnToolsVersion = 15.0;
						TestTargetID = 3F149B442AC52AED000717DD;
					};
				};
			};
			buildConfigurationList = 3F149B402AC52AED000717DD /* Build configuration list for PBXProject "Day8 Calculator" */;
			compatibilityVersion = "Xcode 14.0";
			developmentRegion = en;
			hasScannedForEncodings = 0;
			knownRegions = (
				en,
				Base,
			);
			mainGroup = 3F149B3C2AC52AED000717DD;
			productRefGroup = 3F149B462AC52AED000717DD /* Products */;
			projectDirPath = "";
			projectRoot = "";
			targets = (
				3F149B442AC52AED000717DD /* Day8 Calculator */,
				3F149B542AC52AEE000717DD /* Day8 CalculatorTests */,
				3F149B5E2AC52AEE000717DD /* Day8 CalculatorUITests */,
			);
		};
/* End PBXProject section */

/* Begin PBXResourcesBuildPhase section */
		3F149B432AC52AED000717DD /* Resources */ = {
			isa = PBXResourcesBuildPhase;
			buildActionMask = 2147483647;
			files = (
				3F149B842AC5C724000717DD /* Click.mp3 in Resources */,
				3F149B502AC52AEE000717DD /* Preview Assets.xcassets in Resources */,
				3F149B4D2AC52AEE000717DD /* Assets.xcassets in Resources */,
			);
			runOnlyForDeploymentPostprocessing = 0;
		};
		3F149B532AC52AEE000717DD /* Resources */ = {
			isa = PBXResourcesBuildPhase;
			buildActionMask = 2147483647;
			files = (
			);
			runOnlyForDeploymentPostprocessing = 0;
		};
		3F149B5D2AC52AEE000717DD /* Resources */ = {
			isa = PBXResourcesBuildPhase;
			buildActionMask = 2147483647;
			files = (
			);
			runOnlyForDeploymentPostprocessing = 0;
		};
/* End PBXResourcesBuildPhase section */

/* Begin PBXSourcesBuildPhase section */
		3F149B412AC52AED000717DD /* Sources */ = {
			isa = PBXSourcesBuildPhase;
			buildActionMask = 2147483647;
			files = (
				3F149B872AC5C820000717DD /* CalculatorBrain.swift in Sources */,
				3F149B792AC52B16000717DD /* CalculatorButtonType.swift in Sources */,
				3F149B892AC5C889000717DD /* CalculatorButtonType+Color.swift in Sources */,
				3F149B7B2AC52B16000717DD /* SoundPlayer.swift in Sources */,
				3F149B772AC52B16000717DD /* CalculatorView.swift in Sources */,
				3F149B492AC52AED000717DD /* Day8_CalculatorApp.swift in Sources */,
				FCFA45F12ACBC4920090B05A /* SystemFortForSize.swift in Sources */,
				3F149B7A2AC52B16000717DD /* CalculatorEngine.swift in Sources */,
				3F149B782AC52B16000717DD /* CalculatorButton.swift in Sources */,
			);
			runOnlyForDeploymentPostprocessing = 0;
		};
		3F149B512AC52AEE000717DD /* Sources */ = {
			isa = PBXSourcesBuildPhase;
			buildActionMask = 2147483647;
			files = (
				3F149B5A2AC52AEE000717DD /* Day8_CalculatorTests.swift in Sources */,
			);
			runOnlyForDeploymentPostprocessing = 0;
		};
		3F149B5B2AC52AEE000717DD /* Sources */ = {
			isa = PBXSourcesBuildPhase;
			buildActionMask = 2147483647;
			files = (
				3F149B662AC52AEE000717DD /* Day8_CalculatorUITestsLaunchTests.swift in Sources */,
				3F149B642AC52AEE000717DD /* Day8_CalculatorUITests.swift in Sources */,
			);
			runOnlyForDeploymentPostprocessing = 0;
		};
/* End PBXSourcesBuildPhase section */

/* Begin PBXTargetDependency section */
		3F149B572AC52AEE000717DD /* PBXTargetDependency */ = {
			isa = PBXTargetDependency;
			target = 3F149B442AC52AED000717DD /* Day8 Calculator */;
			targetProxy = 3F149B562AC52AEE000717DD /* PBXContainerItemProxy */;
		};
		3F149B612AC52AEE000717DD /* PBXTargetDependency */ = {
			isa = PBXTargetDependency;
			target = 3F149B442AC52AED000717DD /* Day8 Calculator */;
			targetProxy = 3F149B602AC52AEE000717DD /* PBXContainerItemProxy */;
		};
/* End PBXTargetDependency section */

/* Begin XCBuildConfiguration section */
		3F149B672AC52AEE000717DD /* Debug */ = {
			isa = XCBuildConfiguration;
			buildSettings = {
				ALWAYS_SEARCH_USER_PATHS = NO;
				ASSETCATALOG_COMPILER_GENERATE_SWIFT_ASSET_SYMBOL_EXTENSIONS = YES;
				CLANG_ANALYZER_NONNULL = YES;
				CLANG_ANALYZER_NUMBER_OBJECT_CONVERSION = YES_AGGRESSIVE;
				CLANG_CXX_LANGUAGE_STANDARD = "gnu++20";
				CLANG_ENABLE_MODULES = YES;
				CLANG_ENABLE_OBJC_ARC = YES;
				CLANG_ENABLE_OBJC_WEAK = YES;
				CLANG_WARN_BLOCK_CAPTURE_AUTORELEASING = YES;
				CLANG_WARN_BOOL_CONVERSION = YES;
				CLANG_WARN_COMMA = YES;
				CLANG_WARN_CONSTANT_CONVERSION = YES;
				CLANG_WARN_DEPRECATED_OBJC_IMPLEMENTATIONS = YES;
				CLANG_WARN_DIRECT_OBJC_ISA_USAGE = YES_ERROR;
				CLANG_WARN_DOCUMENTATION_COMMENTS = YES;
				CLANG_WARN_EMPTY_BODY = YES;
				CLANG_WARN_ENUM_CONVERSION = YES;
				CLANG_WARN_INFINITE_RECURSION = YES;
				CLANG_WARN_INT_CONVERSION = YES;
				CLANG_WARN_NON_LITERAL_NULL_CONVERSION = YES;
				CLANG_WARN_OBJC_IMPLICIT_RETAIN_SELF = YES;
				CLANG_WARN_OBJC_LITERAL_CONVERSION = YES;
				CLANG_WARN_OBJC_ROOT_CLASS = YES_ERROR;
				CLANG_WARN_QUOTED_INCLUDE_IN_FRAMEWORK_HEADER = YES;
				CLANG_WARN_RANGE_LOOP_ANALYSIS = YES;
				CLANG_WARN_STRICT_PROTOTYPES = YES;
				CLANG_WARN_SUSPICIOUS_MOVE = YES;
				CLANG_WARN_UNGUARDED_AVAILABILITY = YES_AGGRESSIVE;
				CLANG_WARN_UNREACHABLE_CODE = YES;
				CLANG_WARN__DUPLICATE_METHOD_MATCH = YES;
				COPY_PHASE_STRIP = NO;
				DEBUG_INFORMATION_FORMAT = dwarf;
				ENABLE_STRICT_OBJC_MSGSEND = YES;
				ENABLE_TESTABILITY = YES;
				ENABLE_USER_SCRIPT_SANDBOXING = YES;
				GCC_C_LANGUAGE_STANDARD = gnu17;
				GCC_DYNAMIC_NO_PIC = NO;
				GCC_NO_COMMON_BLOCKS = YES;
				GCC_OPTIMIZATION_LEVEL = 0;
				GCC_PREPROCESSOR_DEFINITIONS = (
					"DEBUG=1",
					"$(inherited)",
				);
				GCC_WARN_64_TO_32_BIT_CONVERSION = YES;
				GCC_WARN_ABOUT_RETURN_TYPE = YES_ERROR;
				GCC_WARN_UNDECLARED_SELECTOR = YES;
				GCC_WARN_UNINITIALIZED_AUTOS = YES_AGGRESSIVE;
				GCC_WARN_UNUSED_FUNCTION = YES;
				GCC_WARN_UNUSED_VARIABLE = YES;
				IPHONEOS_DEPLOYMENT_TARGET = 17.0;
				LOCALIZATION_PREFERS_STRING_CATALOGS = YES;
				MTL_ENABLE_DEBUG_INFO = INCLUDE_SOURCE;
				MTL_FAST_MATH = YES;
				ONLY_ACTIVE_ARCH = YES;
				SDKROOT = iphoneos;
				SWIFT_ACTIVE_COMPILATION_CONDITIONS = "DEBUG $(inherited)";
				SWIFT_OPTIMIZATION_LEVEL = "-Onone";
			};
			name = Debug;
		};
		3F149B682AC52AEE000717DD /* Release */ = {
			isa = XCBuildConfiguration;
			buildSettings = {
				ALWAYS_SEARCH_USER_PATHS = NO;
				ASSETCATALOG_COMPILER_GENERATE_SWIFT_ASSET_SYMBOL_EXTENSIONS = YES;
				CLANG_ANALYZER_NONNULL = YES;
				CLANG_ANALYZER_NUMBER_OBJECT_CONVERSION = YES_AGGRESSIVE;
				CLANG_CXX_LANGUAGE_STANDARD = "gnu++20";
				CLANG_ENABLE_MODULES = YES;
				CLANG_ENABLE_OBJC_ARC = YES;
				CLANG_ENABLE_OBJC_WEAK = YES;
				CLANG_WARN_BLOCK_CAPTURE_AUTORELEASING = YES;
				CLANG_WARN_BOOL_CONVERSION = YES;
				CLANG_WARN_COMMA = YES;
				CLANG_WARN_CONSTANT_CONVERSION = YES;
				CLANG_WARN_DEPRECATED_OBJC_IMPLEMENTATIONS = YES;
				CLANG_WARN_DIRECT_OBJC_ISA_USAGE = YES_ERROR;
				CLANG_WARN_DOCUMENTATION_COMMENTS = YES;
				CLANG_WARN_EMPTY_BODY = YES;
				CLANG_WARN_ENUM_CONVERSION = YES;
				CLANG_WARN_INFINITE_RECURSION = YES;
				CLANG_WARN_INT_CONVERSION = YES;
				CLANG_WARN_NON_LITERAL_NULL_CONVERSION = YES;
				CLANG_WARN_OBJC_IMPLICIT_RETAIN_SELF = YES;
				CLANG_WARN_OBJC_LITERAL_CONVERSION = YES;
				CLANG_WARN_OBJC_ROOT_CLASS = YES_ERROR;
				CLANG_WARN_QUOTED_INCLUDE_IN_FRAMEWORK_HEADER = YES;
				CLANG_WARN_RANGE_LOOP_ANALYSIS = YES;
				CLANG_WARN_STRICT_PROTOTYPES = YES;
				CLANG_WARN_SUSPICIOUS_MOVE = YES;
				CLANG_WARN_UNGUARDED_AVAILABILITY = YES_AGGRESSIVE;
				CLANG_WARN_UNREACHABLE_CODE = YES;
				CLANG_WARN__DUPLICATE_METHOD_MATCH = YES;
				COPY_PHASE_STRIP = NO;
				DEBUG_INFORMATION_FORMAT = "dwarf-with-dsym";
				ENABLE_NS_ASSERTIONS = NO;
				ENABLE_STRICT_OBJC_MSGSEND = YES;
				ENABLE_USER_SCRIPT_SANDBOXING = YES;
				GCC_C_LANGUAGE_STANDARD = gnu17;
				GCC_NO_COMMON_BLOCKS = YES;
				GCC_WARN_64_TO_32_BIT_CONVERSION = YES;
				GCC_WARN_ABOUT_RETURN_TYPE = YES_ERROR;
				GCC_WARN_UNDECLARED_SELECTOR = YES;
				GCC_WARN_UNINITIALIZED_AUTOS = YES_AGGRESSIVE;
				GCC_WARN_UNUSED_FUNCTION = YES;
				GCC_WARN_UNUSED_VARIABLE = YES;
				IPHONEOS_DEPLOYMENT_TARGET = 17.0;
				LOCALIZATION_PREFERS_STRING_CATALOGS = YES;
				MTL_ENABLE_DEBUG_INFO = NO;
				MTL_FAST_MATH = YES;
				SDKROOT = iphoneos;
				SWIFT_COMPILATION_MODE = wholemodule;
				VALIDATE_PRODUCT = YES;
			};
			name = Release;
		};
		3F149B6A2AC52AEE000717DD /* Debug */ = {
			isa = XCBuildConfiguration;
			buildSettings = {
				ASSETCATALOG_COMPILER_APPICON_NAME = AppIcon;
				ASSETCATALOG_COMPILER_GLOBAL_ACCENT_COLOR_NAME = AccentColor;
				CODE_SIGN_STYLE = Automatic;
				CURRENT_PROJECT_VERSION = 1;
				DEVELOPMENT_ASSET_PATHS = "\"Day8 Calculator/Preview Content\"";
				DEVELOPMENT_TEAM = KFPSLPBU25;
				ENABLE_PREVIEWS = YES;
				GENERATE_INFOPLIST_FILE = YES;
				INFOPLIST_KEY_UIApplicationSceneManifest_Generation = YES;
				INFOPLIST_KEY_UIApplicationSupportsIndirectInputEvents = YES;
				INFOPLIST_KEY_UILaunchScreen_Generation = YES;
				INFOPLIST_KEY_UISupportedInterfaceOrientations_iPad = "UIInterfaceOrientationPortrait UIInterfaceOrientationPortraitUpsideDown UIInterfaceOrientationLandscapeLeft UIInterfaceOrientationLandscapeRight";
				INFOPLIST_KEY_UISupportedInterfaceOrientations_iPhone = "UIInterfaceOrientationPortrait UIInterfaceOrientationLandscapeLeft UIInterfaceOrientationLandscapeRight";
				LD_RUNPATH_SEARCH_PATHS = (
					"$(inherited)",
					"@executable_path/Frameworks",
				);
				MARKETING_VERSION = 1.0;
				PRODUCT_BUNDLE_IDENTIFIER = "edu.byu.is543.Day8-Calculator";
				PRODUCT_NAME = "$(TARGET_NAME)";
				SWIFT_EMIT_LOC_STRINGS = YES;
				SWIFT_VERSION = 5.0;
				TARGETED_DEVICE_FAMILY = "1,2";
			};
			name = Debug;
		};
		3F149B6B2AC52AEE000717DD /* Release */ = {
			isa = XCBuildConfiguration;
			buildSettings = {
				ASSETCATALOG_COMPILER_APPICON_NAME = AppIcon;
				ASSETCATALOG_COMPILER_GLOBAL_ACCENT_COLOR_NAME = AccentColor;
				CODE_SIGN_STYLE = Automatic;
				CURRENT_PROJECT_VERSION = 1;
				DEVELOPMENT_ASSET_PATHS = "\"Day8 Calculator/Preview Content\"";
				DEVELOPMENT_TEAM = KFPSLPBU25;
				ENABLE_PREVIEWS = YES;
				GENERATE_INFOPLIST_FILE = YES;
				INFOPLIST_KEY_UIApplicationSceneManifest_Generation = YES;
				INFOPLIST_KEY_UIApplicationSupportsIndirectInputEvents = YES;
				INFOPLIST_KEY_UILaunchScreen_Generation = YES;
				INFOPLIST_KEY_UISupportedInterfaceOrientations_iPad = "UIInterfaceOrientationPortrait UIInterfaceOrientationPortraitUpsideDown UIInterfaceOrientationLandscapeLeft UIInterfaceOrientationLandscapeRight";
				INFOPLIST_KEY_UISupportedInterfaceOrientations_iPhone = "UIInterfaceOrientationPortrait UIInterfaceOrientationLandscapeLeft UIInterfaceOrientationLandscapeRight";
				LD_RUNPATH_SEARCH_PATHS = (
					"$(inherited)",
					"@executable_path/Frameworks",
				);
				MARKETING_VERSION = 1.0;
				PRODUCT_BUNDLE_IDENTIFIER = "edu.byu.is543.Day8-Calculator";
				PRODUCT_NAME = "$(TARGET_NAME)";
				SWIFT_EMIT_LOC_STRINGS = YES;
				SWIFT_VERSION = 5.0;
				TARGETED_DEVICE_FAMILY = "1,2";
			};
			name = Release;
		};
		3F149B6D2AC52AEE000717DD /* Debug */ = {
			isa = XCBuildConfiguration;
			buildSettings = {
				ALWAYS_EMBED_SWIFT_STANDARD_LIBRARIES = YES;
				BUNDLE_LOADER = "$(TEST_HOST)";
				CODE_SIGN_STYLE = Automatic;
				CURRENT_PROJECT_VERSION = 1;
				DEVELOPMENT_TEAM = KFPSLPBU25;
				GENERATE_INFOPLIST_FILE = YES;
				IPHONEOS_DEPLOYMENT_TARGET = 17.0;
				MARKETING_VERSION = 1.0;
				PRODUCT_BUNDLE_IDENTIFIER = "edu.byu.is543.Day8-CalculatorTests";
				PRODUCT_NAME = "$(TARGET_NAME)";
				SWIFT_EMIT_LOC_STRINGS = NO;
				SWIFT_VERSION = 5.0;
				TARGETED_DEVICE_FAMILY = "1,2";
				TEST_HOST = "$(BUILT_PRODUCTS_DIR)/Day8 Calculator.app/$(BUNDLE_EXECUTABLE_FOLDER_PATH)/Day8 Calculator";
			};
			name = Debug;
		};
		3F149B6E2AC52AEE000717DD /* Release */ = {
			isa = XCBuildConfiguration;
			buildSettings = {
				ALWAYS_EMBED_SWIFT_STANDARD_LIBRARIES = YES;
				BUNDLE_LOADER = "$(TEST_HOST)";
				CODE_SIGN_STYLE = Automatic;
				CURRENT_PROJECT_VERSION = 1;
				DEVELOPMENT_TEAM = KFPSLPBU25;
				GENERATE_INFOPLIST_FILE = YES;
				IPHONEOS_DEPLOYMENT_TARGET = 17.0;
				MARKETING_VERSION = 1.0;
				PRODUCT_BUNDLE_IDENTIFIER = "edu.byu.is543.Day8-CalculatorTests";
				PRODUCT_NAME = "$(TARGET_NAME)";
				SWIFT_EMIT_LOC_STRINGS = NO;
				SWIFT_VERSION = 5.0;
				TARGETED_DEVICE_FAMILY = "1,2";
				TEST_HOST = "$(BUILT_PRODUCTS_DIR)/Day8 Calculator.app/$(BUNDLE_EXECUTABLE_FOLDER_PATH)/Day8 Calculator";
			};
			name = Release;
		};
		3F149B702AC52AEE000717DD /* Debug */ = {
			isa = XCBuildConfiguration;
			buildSettings = {
				ALWAYS_EMBED_SWIFT_STANDARD_LIBRARIES = YES;
				CODE_SIGN_STYLE = Automatic;
				CURRENT_PROJECT_VERSION = 1;
				DEVELOPMENT_TEAM = KFPSLPBU25;
				GENERATE_INFOPLIST_FILE = YES;
				MARKETING_VERSION = 1.0;
				PRODUCT_BUNDLE_IDENTIFIER = "edu.byu.is543.Day8-CalculatorUITests";
				PRODUCT_NAME = "$(TARGET_NAME)";
				SWIFT_EMIT_LOC_STRINGS = NO;
				SWIFT_VERSION = 5.0;
				TARGETED_DEVICE_FAMILY = "1,2";
				TEST_TARGET_NAME = "Day8 Calculator";
			};
			name = Debug;
		};
		3F149B712AC52AEE000717DD /* Release */ = {
			isa = XCBuildConfiguration;
			buildSettings = {
				ALWAYS_EMBED_SWIFT_STANDARD_LIBRARIES = YES;
				CODE_SIGN_STYLE = Automatic;
				CURRENT_PROJECT_VERSION = 1;
				DEVELOPMENT_TEAM = KFPSLPBU25;
				GENERATE_INFOPLIST_FILE = YES;
				MARKETING_VERSION = 1.0;
				PRODUCT_BUNDLE_IDENTIFIER = "edu.byu.is543.Day8-CalculatorUITests";
				PRODUCT_NAME = "$(TARGET_NAME)";
				SWIFT_EMIT_LOC_STRINGS = NO;
				SWIFT_VERSION = 5.0;
				TARGETED_DEVICE_FAMILY = "1,2";
				TEST_TARGET_NAME = "Day8 Calculator";
			};
			name = Release;
		};
/* End XCBuildConfiguration section */

/* Begin XCConfigurationList section */
		3F149B402AC52AED000717DD /* Build configuration list for PBXProject "Day8 Calculator" */ = {
			isa = XCConfigurationList;
			buildConfigurations = (
				3F149B672AC52AEE000717DD /* Debug */,
				3F149B682AC52AEE000717DD /* Release */,
			);
			defaultConfigurationIsVisible = 0;
			defaultConfigurationName = Release;
		};
		3F149B692AC52AEE000717DD /* Build configuration list for PBXNativeTarget "Day8 Calculator" */ = {
			isa = XCConfigurationList;
			buildConfigurations = (
				3F149B6A2AC52AEE000717DD /* Debug */,
				3F149B6B2AC52AEE000717DD /* Release */,
			);
			defaultConfigurationIsVisible = 0;
			defaultConfigurationName = Release;
		};
		3F149B6C2AC52AEE000717DD /* Build configuration list for PBXNativeTarget "Day8 CalculatorTests" */ = {
			isa = XCConfigurationList;
			buildConfigurations = (
				3F149B6D2AC52AEE000717DD /* Debug */,
				3F149B6E2AC52AEE000717DD /* Release */,
			);
			defaultConfigurationIsVisible = 0;
			defaultConfigurationName = Release;
		};
		3F149B6F2AC52AEE000717DD /* Build configuration list for PBXNativeTarget "Day8 CalculatorUITests" */ = {
			isa = XCConfigurationList;
			buildConfigurations = (
				3F149B702AC52AEE000717DD /* Debug */,
				3F149B712AC52AEE000717DD /* Release */,
			);
			defaultConfigurationIsVisible = 0;
			defaultConfigurationName = Release;
		};
/* End XCConfigurationList section */
	};
	rootObject = 3F149B3D2AC52AED000717DD /* Project object */;
}
